
Microsoft Visual Studio Solution File, Format Version 12.00
# Visual Studio Version 17
VisualStudioVersion = 17.3.32929.385
MinimumVisualStudioVersion = 10.0.40219.1
Project("{FAE04EC0-301F-11D3-BF4B-00C04F79EFBC}") = "ADOproj", "ADOproj.csproj", "{C84EE919-EF1E-4192-A77A-493C89DF8785}"
EndProject
Global
	GlobalSection(SolutionConfigurationPlatforms) = preSolution
		Debug|Any CPU = Debug|Any CPU
		Release|Any CPU = Release|Any CPU
	EndGlobalSection
	GlobalSection(ProjectConfigurationPlatforms) = postSolution
		{C84EE919-EF1E-4192-A77A-493C89DF8785}.Debug|Any CPU.ActiveCfg = Debug|Any CPU
		{C84EE919-EF1E-4192-A77A-493C89DF8785}.Debug|Any CPU.Build.0 = Debug|Any CPU
		{C84EE919-EF1E-4192-A77A-493C89DF8785}.Release|Any CPU.ActiveCfg = Release|Any CPU
		{C84EE919-EF1E-4192-A77A-493C89DF8785}.Release|Any CPU.Build.0 = Release|Any CPU
	EndGlobalSection
	GlobalSection(SolutionProperties) = preSolution
		HideSolutionNode = FALSE
	EndGlobalSection
	GlobalSection(ExtensibilityGlobals) = postSolution
		SolutionGuid = {BD77F022-0D84-44F2-B103-EDA40C950293}
	EndGlobalSection
EndGlobal
